
Microsoft Visual Studio Solution File, Format Version 12.00
# Visual Studio Version 17
VisualStudioVersion = 17.11.35312.102
MinimumVisualStudioVersion = 10.0.40219.1
Project("{FAE04EC0-301F-11D3-BF4B-00C04F79EFBC}") = "ConsoleApp", "ConsoleApp.csproj", "{479A04DB-C3E3-4A6C-9CEF-660C8821EC41}"
EndProject
Global
	GlobalSection(SolutionConfigurationPlatforms) = preSolution
		Debug|Any CPU = Debug|Any CPU
		Release|Any CPU = Release|Any CPU
	EndGlobalSection
	GlobalSection(ProjectConfigurationPlatforms) = postSolution
		{479A04DB-C3E3-4A6C-9CEF-660C8821EC41}.Debug|Any CPU.ActiveCfg = Debug|Any CPU
		{479A04DB-C3E3-4A6C-9CEF-660C8821EC41}.Debug|Any CPU.Build.0 = Debug|Any CPU
		{479A04DB-C3E3-4A6C-9CEF-660C8821EC41}.Release|Any CPU.ActiveCfg = Release|Any CPU
		{479A04DB-C3E3-4A6C-9CEF-660C8821EC41}.Release|Any CPU.Build.0 = Release|Any CPU
	EndGlobalSection
	GlobalSection(SolutionProperties) = preSolution
		HideSolutionNode = FALSE
	EndGlobalSection
	GlobalSection(ExtensibilityGlobals) = postSolution
		SolutionGuid = {356D9B4D-5B4E-4D5E-8FA1-4DD2720A0BDC}
	EndGlobalSection
EndGlobal
